
Microsoft Visual Studio Solution File, Format Version 12.00
# Visual Studio Version 17
VisualStudioVersion = 17.12.35707.178
MinimumVisualStudioVersion = 10.0.40219.1
Project("{FAE04EC0-301F-11D3-BF4B-00C04F79EFBC}") = "EL", "EL\EL.csproj", "{87412DEF-44DE-4526-84D9-8DFCCB394C5D}"
EndProject
Project("{FAE04EC0-301F-11D3-BF4B-00C04F79EFBC}") = "DAL", "DAL\DAL.csproj", "{3E4E2A8D-1D60-490F-B52F-CE2682BB145A}"
EndProject
Project("{FAE04EC0-301F-11D3-BF4B-00C04F79EFBC}") = "BLL", "BLL\BLL.csproj", "{91866CB7-6B96-468E-8625-7955C9AE57C8}"
EndProject
Project("{FAE04EC0-301F-11D3-BF4B-00C04F79EFBC}") = "GUI", "GUI\GUI.csproj", "{7D042501-DAB6-41D0-9573-A6F6FEC7B319}"
EndProject
Global
	GlobalSection(SolutionConfigurationPlatforms) = preSolution
		Debug|Any CPU = Debug|Any CPU
		Release|Any CPU = Release|Any CPU
	EndGlobalSection
	GlobalSection(ProjectConfigurationPlatforms) = postSolution
		{87412DEF-44DE-4526-84D9-8DFCCB394C5D}.Debug|Any CPU.ActiveCfg = Debug|Any CPU
		{87412DEF-44DE-4526-84D9-8DFCCB394C5D}.Debug|Any CPU.Build.0 = Debug|Any CPU
		{87412DEF-44DE-4526-84D9-8DFCCB394C5D}.Release|Any CPU.ActiveCfg = Release|Any CPU
		{87412DEF-44DE-4526-84D9-8DFCCB394C5D}.Release|Any CPU.Build.0 = Release|Any CPU
		{3E4E2A8D-1D60-490F-B52F-CE2682BB145A}.Debug|Any CPU.ActiveCfg = Debug|Any CPU
		{3E4E2A8D-1D60-490F-B52F-CE2682BB145A}.Debug|Any CPU.Build.0 = Debug|Any CPU
		{3E4E2A8D-1D60-490F-B52F-CE2682BB145A}.Release|Any CPU.ActiveCfg = Release|Any CPU
		{3E4E2A8D-1D60-490F-B52F-CE2682BB145A}.Release|Any CPU.Build.0 = Release|Any CPU
		{91866CB7-6B96-468E-8625-7955C9AE57C8}.Debug|Any CPU.ActiveCfg = Debug|Any CPU
		{91866CB7-6B96-468E-8625-7955C9AE57C8}.Debug|Any CPU.Build.0 = Debug|Any CPU
		{91866CB7-6B96-468E-8625-7955C9AE57C8}.Release|Any CPU.ActiveCfg = Release|Any CPU
		{91866CB7-6B96-468E-8625-7955C9AE57C8}.Release|Any CPU.Build.0 = Release|Any CPU
		{7D042501-DAB6-41D0-9573-A6F6FEC7B319}.Debug|Any CPU.ActiveCfg = Debug|Any CPU
		{7D042501-DAB6-41D0-9573-A6F6FEC7B319}.Debug|Any CPU.Build.0 = Debug|Any CPU
		{7D042501-DAB6-41D0-9573-A6F6FEC7B319}.Release|Any CPU.ActiveCfg = Release|Any CPU
		{7D042501-DAB6-41D0-9573-A6F6FEC7B319}.Release|Any CPU.Build.0 = Release|Any CPU
	EndGlobalSection
	GlobalSection(SolutionProperties) = preSolution
		HideSolutionNode = FALSE
	EndGlobalSection
	GlobalSection(ExtensibilityGlobals) = postSolution
		SolutionGuid = {020F625C-234A-4297-ADB2-8020B37662AC}
	EndGlobalSection
EndGlobal
